
Microsoft Visual Studio Solution File, Format Version 12.00
# Visual Studio Version 17
VisualStudioVersion = 17.14.36616.10 d17.14
MinimumVisualStudioVersion = 10.0.40219.1
Project("{FAE04EC0-301F-11D3-BF4B-00C04F79EFBC}") = "NZWalks.API", "NZWalks.API\NZWalks.API.csproj", "{4D7C5031-BECD-4397-9CBA-8D81B8E377AA}"
EndProject
Global
	GlobalSection(SolutionConfigurationPlatforms) = preSolution
		Debug|Any CPU = Debug|Any CPU
		Release|Any CPU = Release|Any CPU
	EndGlobalSection
	GlobalSection(ProjectConfigurationPlatforms) = postSolution
		{4D7C5031-BECD-4397-9CBA-8D81B8E377AA}.Debug|Any CPU.ActiveCfg = Debug|Any CPU
		{4D7C5031-BECD-4397-9CBA-8D81B8E377AA}.Debug|Any CPU.Build.0 = Debug|Any CPU
		{4D7C5031-BECD-4397-9CBA-8D81B8E377AA}.Release|Any CPU.ActiveCfg = Release|Any CPU
		{4D7C5031-BECD-4397-9CBA-8D81B8E377AA}.Release|Any CPU.Build.0 = Release|Any CPU
	EndGlobalSection
	GlobalSection(SolutionProperties) = preSolution
		HideSolutionNode = FALSE
	EndGlobalSection
	GlobalSection(ExtensibilityGlobals) = postSolution
		SolutionGuid = {7C3856A3-C5F5-4605-BFBA-15F54120039D}
	EndGlobalSection
EndGlobal
